{
  "version": 4,
  "terraform_version": "1.0.11",
  "serial": 12,
  "lineage": "1de48b78-f551-983e-43e0-d36708c0ab45",
  "outputs": {
    "ipv4": {
      "value": "128.199.75.51",
      "type": "string"
    }
  },
  "resources": [
    {
      "mode": "data",
      "type": "digitalocean_ssh_key",
      "name": "ws",
      "provider": "provider[\"registry.terraform.io/digitalocean/digitalocean\"]",
      "instances": [
        {
          "schema_version": 0,
          "attributes": {
            "fingerprint": "37:af:93:11:bd:a5:b5:7e:2b:5d:1e:b4:b3:63:c7:45",
            "id": 32588666,
            "name": "ws",
            "public_key": "ssh-rsa AAAAB3NzaC1yc2EAAAADAQABAAABgQD3XC//LTQXSVy+XWBsQlsrJZ5dM0ghjuVaft4dkmIEo+LjjJ1JQFNcOpAJ07S/CkLfZpgSrdWubtZOknXt30vS+Sohgex6TEbYUBLrFnB4G9G9PcJv2Bz7qzLm8hiBcXNpy9ACxApE1y57IwtlTXx+Quiio4gI7bih5PJkbJ3KclSPxHXdx01oC3Dp6P3K4TOErJqLFMZWppX8XJRNtpd62v8bldBRgM6F65G64I2rrIRC+PUerc1EJOg/ON6/63K9Wo/H9XzHXSknqkF/RLhNf/8MmPdc20lRSJaSHPsNeb96AHQ24FgEkSsWdK90SolbUXaGXA78gmxizTuK2xmUUtLLrBacah3QCps6ZJwxM5gODk8UH+/CEIiOUa2gUXK1CiCUlXip62yGtUo4svJ85aRAFTbX5ZlhqVYdMzGNinhpTiYCo/KrGDJulViamSsI7AQ3qFnaCqtXbGTPRE07wNsdLlleBjapZRIcZaPgJSizzdgiccIL8KNPHlRmbRE= fred@firstassignment\n"
          },
          "sensitive_attributes": []
        }
      ]
    },
    {
      "mode": "managed",
      "type": "digitalocean_droplet",
      "name": "work1",
      "provider": "provider[\"registry.terraform.io/digitalocean/digitalocean\"]",
      "instances": [
        {
          "schema_version": 1,
          "attributes": {
            "backups": false,
            "created_at": "2021-12-07T08:44:35Z",
            "disk": 25,
            "droplet_agent": null,
            "graceful_shutdown": false,
            "id": "276827491",
            "image": "ubuntu-20-04-x64",
            "ipv4_address": "128.199.75.51",
            "ipv4_address_private": "10.104.0.2",
            "ipv6": false,
            "ipv6_address": "",
            "locked": false,
            "memory": 1024,
            "monitoring": false,
            "name": "work",
            "price_hourly": 0.00744,
            "price_monthly": 5,
            "private_networking": true,
            "region": "sgp1",
            "resize_disk": true,
            "size": "s-1vcpu-1gb",
            "ssh_keys": [
              "32588666"
            ],
            "status": "active",
            "tags": null,
            "urn": "do:droplet:276827491",
            "user_data": null,
            "vcpus": 1,
            "volume_ids": [],
            "vpc_uuid": "348dbedf-7652-4031-b85e-d7e3772d244e"
          },
          "sensitive_attributes": [],
          "private": "eyJzY2hlbWFfdmVyc2lvbiI6IjEifQ==",
          "dependencies": [
            "data.digitalocean_ssh_key.ws"
          ]
        }
      ]
    }
  ]
}
